// !$*UTF8*$!
{
	archiveVersion = 1;
	classes = {
	};
	objectVersion = 55;
	objects = {

/* Begin PBXBuildFile section */
		2DEADFBD4E6D55FEF9520939 /* Pods_Mercadolibre.framework in Frameworks */ = {isa = PBXBuildFile; fileRef = B22CF799FF4011A691795644 /* Pods_Mercadolibre.framework */; };
		2EAA589CD40D77A9984E6F27 /* Pods_MercadolibreTests.framework in Frameworks */ = {isa = PBXBuildFile; fileRef = ECEBB938BC7C1350DFD56E14 /* Pods_MercadolibreTests.framework */; };
		2F47C8C727B7F0D30071212B /* MLSearchNetworkWorker.swift in Sources */ = {isa = PBXBuildFile; fileRef = 2F47C8C627B7F0D30071212B /* MLSearchNetworkWorker.swift */; };
		2F47C8CC27B7F1EB0071212B /* Item.swift in Sources */ = {isa = PBXBuildFile; fileRef = 2F47C8CB27B7F1EB0071212B /* Item.swift */; };
		2F4F6CE827B72010000AB7C6 /* AppDelegate.swift in Sources */ = {isa = PBXBuildFile; fileRef = 2F4F6CE727B72010000AB7C6 /* AppDelegate.swift */; };
		2F4F6CEA27B72010000AB7C6 /* SceneDelegate.swift in Sources */ = {isa = PBXBuildFile; fileRef = 2F4F6CE927B72010000AB7C6 /* SceneDelegate.swift */; };
		2F4F6CF127B72011000AB7C6 /* Assets.xcassets in Resources */ = {isa = PBXBuildFile; fileRef = 2F4F6CF027B72011000AB7C6 /* Assets.xcassets */; };
		2F4F6CF427B72011000AB7C6 /* LaunchScreen.storyboard in Resources */ = {isa = PBXBuildFile; fileRef = 2F4F6CF227B72011000AB7C6 /* LaunchScreen.storyboard */; };
		2F4F6D1D27B7299A000AB7C6 /* MLLogLevel.swift in Sources */ = {isa = PBXBuildFile; fileRef = 2F4F6D1A27B7299A000AB7C6 /* MLLogLevel.swift */; };
		2F4F6D1E27B7299A000AB7C6 /* MLLogModifier.swift in Sources */ = {isa = PBXBuildFile; fileRef = 2F4F6D1B27B7299A000AB7C6 /* MLLogModifier.swift */; };
		2F4F6D1F27B7299A000AB7C6 /* MLLogger.swift in Sources */ = {isa = PBXBuildFile; fileRef = 2F4F6D1C27B7299A000AB7C6 /* MLLogger.swift */; };
		2F56212A27B7FD860076F42B /* NetworkError.swift in Sources */ = {isa = PBXBuildFile; fileRef = 2F56212927B7FD860076F42B /* NetworkError.swift */; };
		2F56212C27B7FDAA0076F42B /* NetworkManager.swift in Sources */ = {isa = PBXBuildFile; fileRef = 2F56212B27B7FDAA0076F42B /* NetworkManager.swift */; };
		2F56212E27B7FDDC0076F42B /* NetworkMethod.swift in Sources */ = {isa = PBXBuildFile; fileRef = 2F56212D27B7FDDC0076F42B /* NetworkMethod.swift */; };
		2F56213127B7FF2D0076F42B /* NetworkTests.swift in Sources */ = {isa = PBXBuildFile; fileRef = 2F56213027B7FF2D0076F42B /* NetworkTests.swift */; };
		2F805FAA27B73B1F00D5477D /* MLSearchInteractor.swift in Sources */ = {isa = PBXBuildFile; fileRef = 2F805FA927B73B1F00D5477D /* MLSearchInteractor.swift */; };
		2F805FAD27B73BE600D5477D /* MLSearchPresenter.swift in Sources */ = {isa = PBXBuildFile; fileRef = 2F805FAC27B73BE600D5477D /* MLSearchPresenter.swift */; };
		2FAF89C027B729CE00756C98 /* MercadolibreTests.swift in Sources */ = {isa = PBXBuildFile; fileRef = 2FAF89BF27B729CE00756C98 /* MercadolibreTests.swift */; };
		2FAF89C927B72A1400756C98 /* MLLoggerTests.swift in Sources */ = {isa = PBXBuildFile; fileRef = 2FAF89C827B72A1400756C98 /* MLLoggerTests.swift */; };
		2FAF89D027B72D0900756C98 /* MLSearchViewController.swift in Sources */ = {isa = PBXBuildFile; fileRef = 2FAF89CE27B72D0900756C98 /* MLSearchViewController.swift */; };
		2FAF89D127B72D0900756C98 /* MLSearchViewController.xib in Resources */ = {isa = PBXBuildFile; fileRef = 2FAF89CF27B72D0900756C98 /* MLSearchViewController.xib */; };
		2FAF89D427B72FDF00756C98 /* MLSearchModule.swift in Sources */ = {isa = PBXBuildFile; fileRef = 2FAF89D327B72FDF00756C98 /* MLSearchModule.swift */; };
/* End PBXBuildFile section */

/* Begin PBXContainerItemProxy section */
		2FAF89C127B729CE00756C98 /* PBXContainerItemProxy */ = {
			isa = PBXContainerItemProxy;
			containerPortal = 2F4F6CDC27B72010000AB7C6 /* Project object */;
			proxyType = 1;
			remoteGlobalIDString = 2F4F6CE327B72010000AB7C6;
			remoteInfo = Mercadolibre;
		};
/* End PBXContainerItemProxy section */

/* Begin PBXFileReference section */
		0F6C5504CF2486A3760B164A /* Pods-Mercadolibre.release.xcconfig */ = {isa = PBXFileReference; includeInIndex = 1; lastKnownFileType = text.xcconfig; name = "Pods-Mercadolibre.release.xcconfig"; path = "Target Support Files/Pods-Mercadolibre/Pods-Mercadolibre.release.xcconfig"; sourceTree = "<group>"; };
		2F47C8C627B7F0D30071212B /* MLSearchNetworkWorker.swift */ = {isa = PBXFileReference; lastKnownFileType = sourcecode.swift; path = MLSearchNetworkWorker.swift; sourceTree = "<group>"; };
		2F47C8CB27B7F1EB0071212B /* Item.swift */ = {isa = PBXFileReference; lastKnownFileType = sourcecode.swift; path = Item.swift; sourceTree = "<group>"; };
		2F4F6CE427B72010000AB7C6 /* Mercadolibre.app */ = {isa = PBXFileReference; explicitFileType = wrapper.application; includeInIndex = 0; path = Mercadolibre.app; sourceTree = BUILT_PRODUCTS_DIR; };
		2F4F6CE727B72010000AB7C6 /* AppDelegate.swift */ = {isa = PBXFileReference; lastKnownFileType = sourcecode.swift; path = AppDelegate.swift; sourceTree = "<group>"; };
		2F4F6CE927B72010000AB7C6 /* SceneDelegate.swift */ = {isa = PBXFileReference; lastKnownFileType = sourcecode.swift; path = SceneDelegate.swift; sourceTree = "<group>"; };
		2F4F6CF027B72011000AB7C6 /* Assets.xcassets */ = {isa = PBXFileReference; lastKnownFileType = folder.assetcatalog; path = Assets.xcassets; sourceTree = "<group>"; };
		2F4F6CF327B72011000AB7C6 /* Base */ = {isa = PBXFileReference; lastKnownFileType = file.storyboard; name = Base; path = Base.lproj/LaunchScreen.storyboard; sourceTree = "<group>"; };
		2F4F6CF527B72011000AB7C6 /* Info.plist */ = {isa = PBXFileReference; lastKnownFileType = text.plist.xml; path = Info.plist; sourceTree = "<group>"; };
		2F4F6D1A27B7299A000AB7C6 /* MLLogLevel.swift */ = {isa = PBXFileReference; fileEncoding = 4; lastKnownFileType = sourcecode.swift; path = MLLogLevel.swift; sourceTree = "<group>"; };
		2F4F6D1B27B7299A000AB7C6 /* MLLogModifier.swift */ = {isa = PBXFileReference; fileEncoding = 4; lastKnownFileType = sourcecode.swift; path = MLLogModifier.swift; sourceTree = "<group>"; };
		2F4F6D1C27B7299A000AB7C6 /* MLLogger.swift */ = {isa = PBXFileReference; fileEncoding = 4; lastKnownFileType = sourcecode.swift; path = MLLogger.swift; sourceTree = "<group>"; };
		2F56212927B7FD860076F42B /* NetworkError.swift */ = {isa = PBXFileReference; lastKnownFileType = sourcecode.swift; path = NetworkError.swift; sourceTree = "<group>"; };
		2F56212B27B7FDAA0076F42B /* NetworkManager.swift */ = {isa = PBXFileReference; lastKnownFileType = sourcecode.swift; path = NetworkManager.swift; sourceTree = "<group>"; };
		2F56212D27B7FDDC0076F42B /* NetworkMethod.swift */ = {isa = PBXFileReference; lastKnownFileType = sourcecode.swift; path = NetworkMethod.swift; sourceTree = "<group>"; };
		2F56213027B7FF2D0076F42B /* NetworkTests.swift */ = {isa = PBXFileReference; lastKnownFileType = sourcecode.swift; path = NetworkTests.swift; sourceTree = "<group>"; };
		2F805FA927B73B1F00D5477D /* MLSearchInteractor.swift */ = {isa = PBXFileReference; lastKnownFileType = sourcecode.swift; path = MLSearchInteractor.swift; sourceTree = "<group>"; };
		2F805FAC27B73BE600D5477D /* MLSearchPresenter.swift */ = {isa = PBXFileReference; lastKnownFileType = sourcecode.swift; path = MLSearchPresenter.swift; sourceTree = "<group>"; };
		2FAF89BD27B729CE00756C98 /* MercadolibreTests.xctest */ = {isa = PBXFileReference; explicitFileType = wrapper.cfbundle; includeInIndex = 0; path = MercadolibreTests.xctest; sourceTree = BUILT_PRODUCTS_DIR; };
		2FAF89BF27B729CE00756C98 /* MercadolibreTests.swift */ = {isa = PBXFileReference; lastKnownFileType = sourcecode.swift; path = MercadolibreTests.swift; sourceTree = "<group>"; };
		2FAF89C827B72A1400756C98 /* MLLoggerTests.swift */ = {isa = PBXFileReference; lastKnownFileType = sourcecode.swift; path = MLLoggerTests.swift; sourceTree = "<group>"; };
		2FAF89CE27B72D0900756C98 /* MLSearchViewController.swift */ = {isa = PBXFileReference; lastKnownFileType = sourcecode.swift; path = MLSearchViewController.swift; sourceTree = "<group>"; };
		2FAF89CF27B72D0900756C98 /* MLSearchViewController.xib */ = {isa = PBXFileReference; lastKnownFileType = file.xib; path = MLSearchViewController.xib; sourceTree = "<group>"; };
		2FAF89D327B72FDF00756C98 /* MLSearchModule.swift */ = {isa = PBXFileReference; lastKnownFileType = sourcecode.swift; path = MLSearchModule.swift; sourceTree = "<group>"; };
		B22CF799FF4011A691795644 /* Pods_Mercadolibre.framework */ = {isa = PBXFileReference; explicitFileType = wrapper.framework; includeInIndex = 0; path = Pods_Mercadolibre.framework; sourceTree = BUILT_PRODUCTS_DIR; };
		BC0C1B6EC592CB8D37C43920 /* Pods-Mercadolibre.debug.xcconfig */ = {isa = PBXFileReference; includeInIndex = 1; lastKnownFileType = text.xcconfig; name = "Pods-Mercadolibre.debug.xcconfig"; path = "Target Support Files/Pods-Mercadolibre/Pods-Mercadolibre.debug.xcconfig"; sourceTree = "<group>"; };
		CFC8682C4FCB7E9ADD1A417E /* Pods-MercadolibreTests.debug.xcconfig */ = {isa = PBXFileReference; includeInIndex = 1; lastKnownFileType = text.xcconfig; name = "Pods-MercadolibreTests.debug.xcconfig"; path = "Target Support Files/Pods-MercadolibreTests/Pods-MercadolibreTests.debug.xcconfig"; sourceTree = "<group>"; };
		D7224B2673222A98DFF82B21 /* Pods-MercadolibreTests.release.xcconfig */ = {isa = PBXFileReference; includeInIndex = 1; lastKnownFileType = text.xcconfig; name = "Pods-MercadolibreTests.release.xcconfig"; path = "Target Support Files/Pods-MercadolibreTests/Pods-MercadolibreTests.release.xcconfig"; sourceTree = "<group>"; };
		ECEBB938BC7C1350DFD56E14 /* Pods_MercadolibreTests.framework */ = {isa = PBXFileReference; explicitFileType = wrapper.framework; includeInIndex = 0; path = Pods_MercadolibreTests.framework; sourceTree = BUILT_PRODUCTS_DIR; };
/* End PBXFileReference section */

/* Begin PBXFrameworksBuildPhase section */
		2F4F6CE127B72010000AB7C6 /* Frameworks */ = {
			isa = PBXFrameworksBuildPhase;
			buildActionMask = 2147483647;
			files = (
				2DEADFBD4E6D55FEF9520939 /* Pods_Mercadolibre.framework in Frameworks */,
			);
			runOnlyForDeploymentPostprocessing = 0;
		};
		2FAF89BA27B729CE00756C98 /* Frameworks */ = {
			isa = PBXFrameworksBuildPhase;
			buildActionMask = 2147483647;
			files = (
				2EAA589CD40D77A9984E6F27 /* Pods_MercadolibreTests.framework in Frameworks */,
			);
			runOnlyForDeploymentPostprocessing = 0;
		};
/* End PBXFrameworksBuildPhase section */

/* Begin PBXGroup section */
		2F47C8C527B7F0BD0071212B /* Workers */ = {
			isa = PBXGroup;
			children = (
				2F47C8C627B7F0D30071212B /* MLSearchNetworkWorker.swift */,
			);
			path = Workers;
			sourceTree = "<group>";
		};
		2F47C8C827B7F1170071212B /* Models */ = {
			isa = PBXGroup;
			children = (
				2F47C8CB27B7F1EB0071212B /* Item.swift */,
			);
			path = Models;
			sourceTree = "<group>";
		};
		2F4F6CDB27B72010000AB7C6 = {
			isa = PBXGroup;
			children = (
				2F4F6CE627B72010000AB7C6 /* Mercadolibre */,
				2FAF89BE27B729CE00756C98 /* MercadolibreTests */,
				2F4F6CE527B72010000AB7C6 /* Products */,
				939468F09BFD13C17D9F7770 /* Pods */,
				AFB3F4641C1B501D48C258EA /* Frameworks */,
			);
			sourceTree = "<group>";
		};
		2F4F6CE527B72010000AB7C6 /* Products */ = {
			isa = PBXGroup;
			children = (
				2F4F6CE427B72010000AB7C6 /* Mercadolibre.app */,
				2FAF89BD27B729CE00756C98 /* MercadolibreTests.xctest */,
			);
			name = Products;
			sourceTree = "<group>";
		};
		2F4F6CE627B72010000AB7C6 /* Mercadolibre */ = {
			isa = PBXGroup;
			children = (
				2F4F6CFC27B72385000AB7C6 /* Delegate */,
				2F4F6CFB27B7235F000AB7C6 /* App */,
				2F4F6CF227B72011000AB7C6 /* LaunchScreen.storyboard */,
				2F4F6CF527B72011000AB7C6 /* Info.plist */,
			);
			path = Mercadolibre;
			sourceTree = "<group>";
		};
		2F4F6CFB27B7235F000AB7C6 /* App */ = {
			isa = PBXGroup;
			children = (
				2F56212827B7FD7C0076F42B /* Network */,
				2FAF89D227B72EAE00756C98 /* Assets */,
				2FAF89CB27B72CC800756C98 /* Modules */,
				2F4F6D1827B72974000AB7C6 /* Utils */,
			);
			path = App;
			sourceTree = "<group>";
		};
		2F4F6CFC27B72385000AB7C6 /* Delegate */ = {
			isa = PBXGroup;
			children = (
				2F4F6CE727B72010000AB7C6 /* AppDelegate.swift */,
				2F4F6CE927B72010000AB7C6 /* SceneDelegate.swift */,
			);
			path = Delegate;
			sourceTree = "<group>";
		};
		2F4F6D1827B72974000AB7C6 /* Utils */ = {
			isa = PBXGroup;
			children = (
				2F4F6D1927B72990000AB7C6 /* Logger */,
			);
			path = Utils;
			sourceTree = "<group>";
		};
		2F4F6D1927B72990000AB7C6 /* Logger */ = {
			isa = PBXGroup;
			children = (
				2F4F6D1C27B7299A000AB7C6 /* MLLogger.swift */,
				2F4F6D1A27B7299A000AB7C6 /* MLLogLevel.swift */,
				2F4F6D1B27B7299A000AB7C6 /* MLLogModifier.swift */,
			);
			path = Logger;
			sourceTree = "<group>";
		};
		2F56212827B7FD7C0076F42B /* Network */ = {
			isa = PBXGroup;
			children = (
				2F56212927B7FD860076F42B /* NetworkError.swift */,
				2F56212B27B7FDAA0076F42B /* NetworkManager.swift */,
				2F56212D27B7FDDC0076F42B /* NetworkMethod.swift */,
			);
			path = Network;
			sourceTree = "<group>";
		};
		2F56212F27B7FF180076F42B /* Network */ = {
			isa = PBXGroup;
			children = (
				2F56213027B7FF2D0076F42B /* NetworkTests.swift */,
			);
			path = Network;
			sourceTree = "<group>";
		};
		2F805FA827B73B0000D5477D /* Logic */ = {
			isa = PBXGroup;
			children = (
				2F805FA927B73B1F00D5477D /* MLSearchInteractor.swift */,
			);
			path = Logic;
			sourceTree = "<group>";
		};
		2F805FAB27B73BD900D5477D /* Presentation */ = {
			isa = PBXGroup;
			children = (
				2F805FAC27B73BE600D5477D /* MLSearchPresenter.swift */,
			);
			path = Presentation;
			sourceTree = "<group>";
		};
		2FAF89BE27B729CE00756C98 /* MercadolibreTests */ = {
			isa = PBXGroup;
			children = (
				2F56212F27B7FF180076F42B /* Network */,
				2FAF89C627B729E900756C98 /* Utils */,
				2FAF89BF27B729CE00756C98 /* MercadolibreTests.swift */,
			);
			path = MercadolibreTests;
			sourceTree = "<group>";
		};
		2FAF89C627B729E900756C98 /* Utils */ = {
			isa = PBXGroup;
			children = (
				2FAF89C727B72A0300756C98 /* Logger */,
			);
			path = Utils;
			sourceTree = "<group>";
		};
		2FAF89C727B72A0300756C98 /* Logger */ = {
			isa = PBXGroup;
			children = (
				2FAF89C827B72A1400756C98 /* MLLoggerTests.swift */,
			);
			path = Logger;
			sourceTree = "<group>";
		};
		2FAF89CB27B72CC800756C98 /* Modules */ = {
			isa = PBXGroup;
			children = (
				2FAF89CC27B72CD200756C98 /* Search */,
			);
			path = Modules;
			sourceTree = "<group>";
		};
		2FAF89CC27B72CD200756C98 /* Search */ = {
			isa = PBXGroup;
			children = (
				2F47C8C827B7F1170071212B /* Models */,
				2F47C8C527B7F0BD0071212B /* Workers */,
				2F805FAB27B73BD900D5477D /* Presentation */,
				2F805FA827B73B0000D5477D /* Logic */,
				2FAF89CD27B72CE700756C98 /* UI */,
				2FAF89D327B72FDF00756C98 /* MLSearchModule.swift */,
			);
			path = Search;
			sourceTree = "<group>";
		};
		2FAF89CD27B72CE700756C98 /* UI */ = {
			isa = PBXGroup;
			children = (
				2FAF89CE27B72D0900756C98 /* MLSearchViewController.swift */,
				2FAF89CF27B72D0900756C98 /* MLSearchViewController.xib */,
			);
			path = UI;
			sourceTree = "<group>";
		};
		2FAF89D227B72EAE00756C98 /* Assets */ = {
			isa = PBXGroup;
			children = (
				2F4F6CF027B72011000AB7C6 /* Assets.xcassets */,
			);
			path = Assets;
			sourceTree = "<group>";
		};
		939468F09BFD13C17D9F7770 /* Pods */ = {
			isa = PBXGroup;
			children = (
				BC0C1B6EC592CB8D37C43920 /* Pods-Mercadolibre.debug.xcconfig */,
				0F6C5504CF2486A3760B164A /* Pods-Mercadolibre.release.xcconfig */,
				CFC8682C4FCB7E9ADD1A417E /* Pods-MercadolibreTests.debug.xcconfig */,
				D7224B2673222A98DFF82B21 /* Pods-MercadolibreTests.release.xcconfig */,
			);
			path = Pods;
			sourceTree = "<group>";
		};
		AFB3F4641C1B501D48C258EA /* Frameworks */ = {
			isa = PBXGroup;
			children = (
				B22CF799FF4011A691795644 /* Pods_Mercadolibre.framework */,
				ECEBB938BC7C1350DFD56E14 /* Pods_MercadolibreTests.framework */,
			);
			name = Frameworks;
			sourceTree = "<group>";
		};
/* End PBXGroup section */

/* Begin PBXNativeTarget section */
		2F4F6CE327B72010000AB7C6 /* Mercadolibre */ = {
			isa = PBXNativeTarget;
			buildConfigurationList = 2F4F6CF827B72011000AB7C6 /* Build configuration list for PBXNativeTarget "Mercadolibre" */;
			buildPhases = (
				71BED4CE86945C0D04855E2A /* [CP] Check Pods Manifest.lock */,
				2F4F6CE027B72010000AB7C6 /* Sources */,
				2F4F6CE127B72010000AB7C6 /* Frameworks */,
				2F4F6CE227B72010000AB7C6 /* Resources */,
				BF12EC51BC9088E5FD31DBEA /* [CP] Embed Pods Frameworks */,
			);
			buildRules = (
			);
			dependencies = (
			);
			name = Mercadolibre;
			productName = Mercadolibre;
			productReference = 2F4F6CE427B72010000AB7C6 /* Mercadolibre.app */;
			productType = "com.apple.product-type.application";
		};
		2FAF89BC27B729CE00756C98 /* MercadolibreTests */ = {
			isa = PBXNativeTarget;
			buildConfigurationList = 2FAF89C527B729CE00756C98 /* Build configuration list for PBXNativeTarget "MercadolibreTests" */;
			buildPhases = (
				0D620C600512345708256BAE /* [CP] Check Pods Manifest.lock */,
				2FAF89B927B729CE00756C98 /* Sources */,
				2FAF89BA27B729CE00756C98 /* Frameworks */,
				2FAF89BB27B729CE00756C98 /* Resources */,
			);
			buildRules = (
			);
			dependencies = (
				2FAF89C227B729CE00756C98 /* PBXTargetDependency */,
			);
			name = MercadolibreTests;
			productName = MercadolibreTests;
			productReference = 2FAF89BD27B729CE00756C98 /* MercadolibreTests.xctest */;
			productType = "com.apple.product-type.bundle.unit-test";
		};
/* End PBXNativeTarget section */

/* Begin PBXProject section */
		2F4F6CDC27B72010000AB7C6 /* Project object */ = {
			isa = PBXProject;
			attributes = {
				BuildIndependentTargetsInParallel = 1;
				LastSwiftUpdateCheck = 1320;
				LastUpgradeCheck = 1320;
				TargetAttributes = {
					2F4F6CE327B72010000AB7C6 = {
						CreatedOnToolsVersion = 13.2.1;
					};
					2FAF89BC27B729CE00756C98 = {
						CreatedOnToolsVersion = 13.2.1;
						TestTargetID = 2F4F6CE327B72010000AB7C6;
					};
				};
			};
			buildConfigurationList = 2F4F6CDF27B72010000AB7C6 /* Build configuration list for PBXProject "Mercadolibre" */;
			compatibilityVersion = "Xcode 13.0";
			developmentRegion = en;
			hasScannedForEncodings = 0;
			knownRegions = (
				en,
				Base,
			);
			mainGroup = 2F4F6CDB27B72010000AB7C6;
			productRefGroup = 2F4F6CE527B72010000AB7C6 /* Products */;
			projectDirPath = "";
			projectRoot = "";
			targets = (
				2F4F6CE327B72010000AB7C6 /* Mercadolibre */,
				2FAF89BC27B729CE00756C98 /* MercadolibreTests */,
			);
		};
/* End PBXProject section */

/* Begin PBXResourcesBuildPhase section */
		2F4F6CE227B72010000AB7C6 /* Resources */ = {
			isa = PBXResourcesBuildPhase;
			buildActionMask = 2147483647;
			files = (
				2F4F6CF427B72011000AB7C6 /* LaunchScreen.storyboard in Resources */,
				2FAF89D127B72D0900756C98 /* MLSearchViewController.xib in Resources */,
				2F4F6CF127B72011000AB7C6 /* Assets.xcassets in Resources */,
			);
			runOnlyForDeploymentPostprocessing = 0;
		};
		2FAF89BB27B729CE00756C98 /* Resources */ = {
			isa = PBXResourcesBuildPhase;
			buildActionMask = 2147483647;
			files = (
			);
			runOnlyForDeploymentPostprocessing = 0;
		};
/* End PBXResourcesBuildPhase section */

/* Begin PBXShellScriptBuildPhase section */
		0D620C600512345708256BAE /* [CP] Check Pods Manifest.lock */ = {
			isa = PBXShellScriptBuildPhase;
			buildActionMask = 2147483647;
			files = (
			);
			inputFileListPaths = (
			);
			inputPaths = (
				"${PODS_PODFILE_DIR_PATH}/Podfile.lock",
				"${PODS_ROOT}/Manifest.lock",
			);
			name = "[CP] Check Pods Manifest.lock";
			outputFileListPaths = (
			);
			outputPaths = (
				"$(DERIVED_FILE_DIR)/Pods-MercadolibreTests-checkManifestLockResult.txt",
			);
			runOnlyForDeploymentPostprocessing = 0;
			shellPath = /bin/sh;
			shellScript = "diff \"${PODS_PODFILE_DIR_PATH}/Podfile.lock\" \"${PODS_ROOT}/Manifest.lock\" > /dev/null\nif [ $? != 0 ] ; then\n    # print error to STDERR\n    echo \"error: The sandbox is not in sync with the Podfile.lock. Run 'pod install' or update your CocoaPods installation.\" >&2\n    exit 1\nfi\n# This output is used by Xcode 'outputs' to avoid re-running this script phase.\necho \"SUCCESS\" > \"${SCRIPT_OUTPUT_FILE_0}\"\n";
			showEnvVarsInLog = 0;
		};
		71BED4CE86945C0D04855E2A /* [CP] Check Pods Manifest.lock */ = {
			isa = PBXShellScriptBuildPhase;
			buildActionMask = 2147483647;
			files = (
			);
			inputFileListPaths = (
			);
			inputPaths = (
				"${PODS_PODFILE_DIR_PATH}/Podfile.lock",
				"${PODS_ROOT}/Manifest.lock",
			);
			name = "[CP] Check Pods Manifest.lock";
			outputFileListPaths = (
			);
			outputPaths = (
				"$(DERIVED_FILE_DIR)/Pods-Mercadolibre-checkManifestLockResult.txt",
			);
			runOnlyForDeploymentPostprocessing = 0;
			shellPath = /bin/sh;
			shellScript = "diff \"${PODS_PODFILE_DIR_PATH}/Podfile.lock\" \"${PODS_ROOT}/Manifest.lock\" > /dev/null\nif [ $? != 0 ] ; then\n    # print error to STDERR\n    echo \"error: The sandbox is not in sync with the Podfile.lock. Run 'pod install' or update your CocoaPods installation.\" >&2\n    exit 1\nfi\n# This output is used by Xcode 'outputs' to avoid re-running this script phase.\necho \"SUCCESS\" > \"${SCRIPT_OUTPUT_FILE_0}\"\n";
			showEnvVarsInLog = 0;
		};
		BF12EC51BC9088E5FD31DBEA /* [CP] Embed Pods Frameworks */ = {
			isa = PBXShellScriptBuildPhase;
			buildActionMask = 2147483647;
			files = (
			);
			inputFileListPaths = (
				"${PODS_ROOT}/Target Support Files/Pods-Mercadolibre/Pods-Mercadolibre-frameworks-${CONFIGURATION}-input-files.xcfilelist",
			);
			name = "[CP] Embed Pods Frameworks";
			outputFileListPaths = (
				"${PODS_ROOT}/Target Support Files/Pods-Mercadolibre/Pods-Mercadolibre-frameworks-${CONFIGURATION}-output-files.xcfilelist",
			);
			runOnlyForDeploymentPostprocessing = 0;
			shellPath = /bin/sh;
			shellScript = "\"${PODS_ROOT}/Target Support Files/Pods-Mercadolibre/Pods-Mercadolibre-frameworks.sh\"\n";
			showEnvVarsInLog = 0;
		};
/* End PBXShellScriptBuildPhase section */

/* Begin PBXSourcesBuildPhase section */
		2F4F6CE027B72010000AB7C6 /* Sources */ = {
			isa = PBXSourcesBuildPhase;
			buildActionMask = 2147483647;
			files = (
				2F4F6CE827B72010000AB7C6 /* AppDelegate.swift in Sources */,
				2F56212E27B7FDDC0076F42B /* NetworkMethod.swift in Sources */,
				2F4F6D1D27B7299A000AB7C6 /* MLLogLevel.swift in Sources */,
				2F4F6D1E27B7299A000AB7C6 /* MLLogModifier.swift in Sources */,
				2F56212C27B7FDAA0076F42B /* NetworkManager.swift in Sources */,
				2FAF89D427B72FDF00756C98 /* MLSearchModule.swift in Sources */,
				2F47C8CC27B7F1EB0071212B /* Item.swift in Sources */,
				2F4F6D1F27B7299A000AB7C6 /* MLLogger.swift in Sources */,
				2F805FAA27B73B1F00D5477D /* MLSearchInteractor.swift in Sources */,
				2F805FAD27B73BE600D5477D /* MLSearchPresenter.swift in Sources */,
				2FAF89D027B72D0900756C98 /* MLSearchViewController.swift in Sources */,
				2F56212A27B7FD860076F42B /* NetworkError.swift in Sources */,
				2F4F6CEA27B72010000AB7C6 /* SceneDelegate.swift in Sources */,
				2F47C8C727B7F0D30071212B /* MLSearchNetworkWorker.swift in Sources */,
			);
			runOnlyForDeploymentPostprocessing = 0;
		};
		2FAF89B927B729CE00756C98 /* Sources */ = {
			isa = PBXSourcesBuildPhase;
			buildActionMask = 2147483647;
			files = (
				2F56213127B7FF2D0076F42B /* NetworkTests.swift in Sources */,
				2FAF89C927B72A1400756C98 /* MLLoggerTests.swift in Sources */,
				2FAF89C027B729CE00756C98 /* MercadolibreTests.swift in Sources */,
			);
			runOnlyForDeploymentPostprocessing = 0;
		};
/* End PBXSourcesBuildPhase section */

/* Begin PBXTargetDependency section */
		2FAF89C227B729CE00756C98 /* PBXTargetDependency */ = {
			isa = PBXTargetDependency;
			target = 2F4F6CE327B72010000AB7C6 /* Mercadolibre */;
			targetProxy = 2FAF89C127B729CE00756C98 /* PBXContainerItemProxy */;
		};
/* End PBXTargetDependency section */

/* Begin PBXVariantGroup section */
		2F4F6CF227B72011000AB7C6 /* LaunchScreen.storyboard */ = {
			isa = PBXVariantGroup;
			children = (
				2F4F6CF327B72011000AB7C6 /* Base */,
			);
			name = LaunchScreen.storyboard;
			sourceTree = "<group>";
		};
/* End PBXVariantGroup section */

/* Begin XCBuildConfiguration section */
		2F4F6CF627B72011000AB7C6 /* Debug */ = {
			isa = XCBuildConfiguration;
			buildSettings = {
				ALWAYS_SEARCH_USER_PATHS = NO;
				CLANG_ANALYZER_NONNULL = YES;
				CLANG_ANALYZER_NUMBER_OBJECT_CONVERSION = YES_AGGRESSIVE;
				CLANG_CXX_LANGUAGE_STANDARD = "gnu++17";
				CLANG_CXX_LIBRARY = "libc++";
				CLANG_ENABLE_MODULES = YES;
				CLANG_ENABLE_OBJC_ARC = YES;
				CLANG_ENABLE_OBJC_WEAK = YES;
				CLANG_WARN_BLOCK_CAPTURE_AUTORELEASING = YES;
				CLANG_WARN_BOOL_CONVERSION = YES;
				CLANG_WARN_COMMA = YES;
				CLANG_WARN_CONSTANT_CONVERSION = YES;
				CLANG_WARN_DEPRECATED_OBJC_IMPLEMENTATIONS = YES;
				CLANG_WARN_DIRECT_OBJC_ISA_USAGE = YES_ERROR;
				CLANG_WARN_DOCUMENTATION_COMMENTS = YES;
				CLANG_WARN_EMPTY_BODY = YES;
				CLANG_WARN_ENUM_CONVERSION = YES;
				CLANG_WARN_INFINITE_RECURSION = YES;
				CLANG_WARN_INT_CONVERSION = YES;
				CLANG_WARN_NON_LITERAL_NULL_CONVERSION = YES;
				CLANG_WARN_OBJC_IMPLICIT_RETAIN_SELF = YES;
				CLANG_WARN_OBJC_LITERAL_CONVERSION = YES;
				CLANG_WARN_OBJC_ROOT_CLASS = YES_ERROR;
				CLANG_WARN_QUOTED_INCLUDE_IN_FRAMEWORK_HEADER = YES;
				CLANG_WARN_RANGE_LOOP_ANALYSIS = YES;
				CLANG_WARN_STRICT_PROTOTYPES = YES;
				CLANG_WARN_SUSPICIOUS_MOVE = YES;
				CLANG_WARN_UNGUARDED_AVAILABILITY = YES_AGGRESSIVE;
				CLANG_WARN_UNREACHABLE_CODE = YES;
				CLANG_WARN__DUPLICATE_METHOD_MATCH = YES;
				COPY_PHASE_STRIP = NO;
				DEBUG_INFORMATION_FORMAT = dwarf;
				ENABLE_STRICT_OBJC_MSGSEND = YES;
				ENABLE_TESTABILITY = YES;
				GCC_C_LANGUAGE_STANDARD = gnu11;
				GCC_DYNAMIC_NO_PIC = NO;
				GCC_NO_COMMON_BLOCKS = YES;
				GCC_OPTIMIZATION_LEVEL = 0;
				GCC_PREPROCESSOR_DEFINITIONS = (
					"DEBUG=1",
					"$(inherited)",
				);
				GCC_WARN_64_TO_32_BIT_CONVERSION = YES;
				GCC_WARN_ABOUT_RETURN_TYPE = YES_ERROR;
				GCC_WARN_UNDECLARED_SELECTOR = YES;
				GCC_WARN_UNINITIALIZED_AUTOS = YES_AGGRESSIVE;
				GCC_WARN_UNUSED_FUNCTION = YES;
				GCC_WARN_UNUSED_VARIABLE = YES;
				IPHONEOS_DEPLOYMENT_TARGET = 15.2;
				MTL_ENABLE_DEBUG_INFO = INCLUDE_SOURCE;
				MTL_FAST_MATH = YES;
				ONLY_ACTIVE_ARCH = YES;
				SDKROOT = iphoneos;
				SWIFT_ACTIVE_COMPILATION_CONDITIONS = DEBUG;
				SWIFT_OPTIMIZATION_LEVEL = "-Onone";
			};
			name = Debug;
		};
		2F4F6CF727B72011000AB7C6 /* Release */ = {
			isa = XCBuildConfiguration;
			buildSettings = {
				ALWAYS_SEARCH_USER_PATHS = NO;
				CLANG_ANALYZER_NONNULL = YES;
				CLANG_ANALYZER_NUMBER_OBJECT_CONVERSION = YES_AGGRESSIVE;
				CLANG_CXX_LANGUAGE_STANDARD = "gnu++17";
				CLANG_CXX_LIBRARY = "libc++";
				CLANG_ENABLE_MODULES = YES;
				CLANG_ENABLE_OBJC_ARC = YES;
				CLANG_ENABLE_OBJC_WEAK = YES;
				CLANG_WARN_BLOCK_CAPTURE_AUTORELEASING = YES;
				CLANG_WARN_BOOL_CONVERSION = YES;
				CLANG_WARN_COMMA = YES;
				CLANG_WARN_CONSTANT_CONVERSION = YES;
				CLANG_WARN_DEPRECATED_OBJC_IMPLEMENTATIONS = YES;
				CLANG_WARN_DIRECT_OBJC_ISA_USAGE = YES_ERROR;
				CLANG_WARN_DOCUMENTATION_COMMENTS = YES;
				CLANG_WARN_EMPTY_BODY = YES;
				CLANG_WARN_ENUM_CONVERSION = YES;
				CLANG_WARN_INFINITE_RECURSION = YES;
				CLANG_WARN_INT_CONVERSION = YES;
				CLANG_WARN_NON_LITERAL_NULL_CONVERSION = YES;
				CLANG_WARN_OBJC_IMPLICIT_RETAIN_SELF = YES;
				CLANG_WARN_OBJC_LITERAL_CONVERSION = YES;
				CLANG_WARN_OBJC_ROOT_CLASS = YES_ERROR;
				CLANG_WARN_QUOTED_INCLUDE_IN_FRAMEWORK_HEADER = YES;
				CLANG_WARN_RANGE_LOOP_ANALYSIS = YES;
				CLANG_WARN_STRICT_PROTOTYPES = YES;
				CLANG_WARN_SUSPICIOUS_MOVE = YES;
				CLANG_WARN_UNGUARDED_AVAILABILITY = YES_AGGRESSIVE;
				CLANG_WARN_UNREACHABLE_CODE = YES;
				CLANG_WARN__DUPLICATE_METHOD_MATCH = YES;
				COPY_PHASE_STRIP = NO;
				DEBUG_INFORMATION_FORMAT = "dwarf-with-dsym";
				ENABLE_NS_ASSERTIONS = NO;
				ENABLE_STRICT_OBJC_MSGSEND = YES;
				GCC_C_LANGUAGE_STANDARD = gnu11;
				GCC_NO_COMMON_BLOCKS = YES;
				GCC_WARN_64_TO_32_BIT_CONVERSION = YES;
				GCC_WARN_ABOUT_RETURN_TYPE = YES_ERROR;
				GCC_WARN_UNDECLARED_SELECTOR = YES;
				GCC_WARN_UNINITIALIZED_AUTOS = YES_AGGRESSIVE;
				GCC_WARN_UNUSED_FUNCTION = YES;
				GCC_WARN_UNUSED_VARIABLE = YES;
				IPHONEOS_DEPLOYMENT_TARGET = 15.2;
				MTL_ENABLE_DEBUG_INFO = NO;
				MTL_FAST_MATH = YES;
				SDKROOT = iphoneos;
				SWIFT_COMPILATION_MODE = wholemodule;
				SWIFT_OPTIMIZATION_LEVEL = "-O";
				VALIDATE_PRODUCT = YES;
			};
			name = Release;
		};
		2F4F6CF927B72011000AB7C6 /* Debug */ = {
			isa = XCBuildConfiguration;
			baseConfigurationReference = BC0C1B6EC592CB8D37C43920 /* Pods-Mercadolibre.debug.xcconfig */;
			buildSettings = {
				ASSETCATALOG_COMPILER_APPICON_NAME = AppIcon;
				ASSETCATALOG_COMPILER_GLOBAL_ACCENT_COLOR_NAME = AccentColor;
				CODE_SIGN_STYLE = Automatic;
				CURRENT_PROJECT_VERSION = 1;
				GENERATE_INFOPLIST_FILE = YES;
				INFOPLIST_FILE = Mercadolibre/Info.plist;
				INFOPLIST_KEY_UIApplicationSupportsIndirectInputEvents = YES;
				INFOPLIST_KEY_UILaunchStoryboardName = LaunchScreen;
				INFOPLIST_KEY_UISupportedInterfaceOrientations_iPad = "UIInterfaceOrientationPortrait UIInterfaceOrientationPortraitUpsideDown UIInterfaceOrientationLandscapeLeft UIInterfaceOrientationLandscapeRight";
				INFOPLIST_KEY_UISupportedInterfaceOrientations_iPhone = "UIInterfaceOrientationPortrait UIInterfaceOrientationLandscapeLeft UIInterfaceOrientationLandscapeRight";
				IPHONEOS_DEPLOYMENT_TARGET = 14.1;
				LD_RUNPATH_SEARCH_PATHS = (
					"$(inherited)",
					"@executable_path/Frameworks",
				);
				MARKETING_VERSION = 1.0;
				PRODUCT_BUNDLE_IDENTIFIER = juandahurt.Mercadolibre;
				PRODUCT_NAME = "$(TARGET_NAME)";
				SWIFT_EMIT_LOC_STRINGS = YES;
				SWIFT_VERSION = 5.0;
				TARGETED_DEVICE_FAMILY = 1;
			};
			name = Debug;
		};
		2F4F6CFA27B72011000AB7C6 /* Release */ = {
			isa = XCBuildConfiguration;
			baseConfigurationReference = 0F6C5504CF2486A3760B164A /* Pods-Mercadolibre.release.xcconfig */;
			buildSettings = {
				ASSETCATALOG_COMPILER_APPICON_NAME = AppIcon;
				ASSETCATALOG_COMPILER_GLOBAL_ACCENT_COLOR_NAME = AccentColor;
				CODE_SIGN_STYLE = Automatic;
				CURRENT_PROJECT_VERSION = 1;
				GENERATE_INFOPLIST_FILE = YES;
				INFOPLIST_FILE = Mercadolibre/Info.plist;
				INFOPLIST_KEY_UIApplicationSupportsIndirectInputEvents = YES;
				INFOPLIST_KEY_UILaunchStoryboardName = LaunchScreen;
				INFOPLIST_KEY_UISupportedInterfaceOrientations_iPad = "UIInterfaceOrientationPortrait UIInterfaceOrientationPortraitUpsideDown UIInterfaceOrientationLandscapeLeft UIInterfaceOrientationLandscapeRight";
				INFOPLIST_KEY_UISupportedInterfaceOrientations_iPhone = "UIInterfaceOrientationPortrait UIInterfaceOrientationLandscapeLeft UIInterfaceOrientationLandscapeRight";
				IPHONEOS_DEPLOYMENT_TARGET = 14.1;
				LD_RUNPATH_SEARCH_PATHS = (
					"$(inherited)",
					"@executable_path/Frameworks",
				);
				MARKETING_VERSION = 1.0;
				PRODUCT_BUNDLE_IDENTIFIER = juandahurt.Mercadolibre;
				PRODUCT_NAME = "$(TARGET_NAME)";
				SWIFT_EMIT_LOC_STRINGS = YES;
				SWIFT_VERSION = 5.0;
				TARGETED_DEVICE_FAMILY = 1;
			};
			name = Release;
		};
		2FAF89C327B729CE00756C98 /* Debug */ = {
			isa = XCBuildConfiguration;
			baseConfigurationReference = CFC8682C4FCB7E9ADD1A417E /* Pods-MercadolibreTests.debug.xcconfig */;
			buildSettings = {
				BUNDLE_LOADER = "$(TEST_HOST)";
				CODE_SIGN_STYLE = Automatic;
				CURRENT_PROJECT_VERSION = 1;
				GENERATE_INFOPLIST_FILE = YES;
				MARKETING_VERSION = 1.0;
				PRODUCT_BUNDLE_IDENTIFIER = juandahurt.MercadolibreTests;
				PRODUCT_NAME = "$(TARGET_NAME)";
				SWIFT_EMIT_LOC_STRINGS = NO;
				SWIFT_VERSION = 5.0;
				TARGETED_DEVICE_FAMILY = "1,2";
				TEST_HOST = "$(BUILT_PRODUCTS_DIR)/Mercadolibre.app/Mercadolibre";
			};
			name = Debug;
		};
		2FAF89C427B729CE00756C98 /* Release */ = {
			isa = XCBuildConfiguration;
			baseConfigurationReference = D7224B2673222A98DFF82B21 /* Pods-MercadolibreTests.release.xcconfig */;
			buildSettings = {
				BUNDLE_LOADER = "$(TEST_HOST)";
				CODE_SIGN_STYLE = Automatic;
				CURRENT_PROJECT_VERSION = 1;
				GENERATE_INFOPLIST_FILE = YES;
				MARKETING_VERSION = 1.0;
				PRODUCT_BUNDLE_IDENTIFIER = juandahurt.MercadolibreTests;
				PRODUCT_NAME = "$(TARGET_NAME)";
				SWIFT_EMIT_LOC_STRINGS = NO;
				SWIFT_VERSION = 5.0;
				TARGETED_DEVICE_FAMILY = "1,2";
				TEST_HOST = "$(BUILT_PRODUCTS_DIR)/Mercadolibre.app/Mercadolibre";
			};
			name = Release;
		};
/* End XCBuildConfiguration section */

/* Begin XCConfigurationList section */
		2F4F6CDF27B72010000AB7C6 /* Build configuration list for PBXProject "Mercadolibre" */ = {
			isa = XCConfigurationList;
			buildConfigurations = (
				2F4F6CF627B72011000AB7C6 /* Debug */,
				2F4F6CF727B72011000AB7C6 /* Release */,
			);
			defaultConfigurationIsVisible = 0;
			defaultConfigurationName = Release;
		};
		2F4F6CF827B72011000AB7C6 /* Build configuration list for PBXNativeTarget "Mercadolibre" */ = {
			isa = XCConfigurationList;
			buildConfigurations = (
				2F4F6CF927B72011000AB7C6 /* Debug */,
				2F4F6CFA27B72011000AB7C6 /* Release */,
			);
			defaultConfigurationIsVisible = 0;
			defaultConfigurationName = Release;
		};
		2FAF89C527B729CE00756C98 /* Build configuration list for PBXNativeTarget "MercadolibreTests" */ = {
			isa = XCConfigurationList;
			buildConfigurations = (
				2FAF89C327B729CE00756C98 /* Debug */,
				2FAF89C427B729CE00756C98 /* Release */,
			);
			defaultConfigurationIsVisible = 0;
			defaultConfigurationName = Release;
		};
/* End XCConfigurationList section */
	};
	rootObject = 2F4F6CDC27B72010000AB7C6 /* Project object */;
}
